
Microsoft Visual Studio Solution File, Format Version 12.00
# Visual Studio 15
VisualStudioVersion = 15.0.27004.2006
MinimumVisualStudioVersion = 10.0.40219.1
Project("{FAE04EC0-301F-11D3-BF4B-00C04F79EFBC}") = "DutchTreat", "DutchTreat\DutchTreat.csproj", "{D04B668C-3615-409D-87E5-B0139A176D45}"
EndProject
Global
	GlobalSection(SolutionConfigurationPlatforms) = preSolution
		Debug|Any CPU = Debug|Any CPU
		Release|Any CPU = Release|Any CPU
	EndGlobalSection
	GlobalSection(ProjectConfigurationPlatforms) = postSolution
		{D04B668C-3615-409D-87E5-B0139A176D45}.Debug|Any CPU.ActiveCfg = Debug|Any CPU
		{D04B668C-3615-409D-87E5-B0139A176D45}.Debug|Any CPU.Build.0 = Debug|Any CPU
		{D04B668C-3615-409D-87E5-B0139A176D45}.Release|Any CPU.ActiveCfg = Release|Any CPU
		{D04B668C-3615-409D-87E5-B0139A176D45}.Release|Any CPU.Build.0 = Release|Any CPU
	EndGlobalSection
	GlobalSection(SolutionProperties) = preSolution
		HideSolutionNode = FALSE
	EndGlobalSection
	GlobalSection(ExtensibilityGlobals) = postSolution
		SolutionGuid = {0BE67424-D640-4E63-A2F4-D6D7E43D8DAC}
	EndGlobalSection
EndGlobal
